
Microsoft Visual Studio Solution File, Format Version 12.00
# Visual Studio Version 17
VisualStudioVersion = 17.4.33213.308
MinimumVisualStudioVersion = 10.0.40219.1
Project("{FAE04EC0-301F-11D3-BF4B-00C04F79EFBC}") = "CicekciBaciDapper", "CicekciBaciDapper\CicekciBaciDapper.csproj", "{2C4EF48F-67E5-4683-AEEF-F9B788A9FFAE}"
EndProject
Global
	GlobalSection(SolutionConfigurationPlatforms) = preSolution
		Debug|Any CPU = Debug|Any CPU
		Release|Any CPU = Release|Any CPU
	EndGlobalSection
	GlobalSection(ProjectConfigurationPlatforms) = postSolution
		{2C4EF48F-67E5-4683-AEEF-F9B788A9FFAE}.Debug|Any CPU.ActiveCfg = Debug|Any CPU
		{2C4EF48F-67E5-4683-AEEF-F9B788A9FFAE}.Debug|Any CPU.Build.0 = Debug|Any CPU
		{2C4EF48F-67E5-4683-AEEF-F9B788A9FFAE}.Release|Any CPU.ActiveCfg = Release|Any CPU
		{2C4EF48F-67E5-4683-AEEF-F9B788A9FFAE}.Release|Any CPU.Build.0 = Release|Any CPU
	EndGlobalSection
	GlobalSection(SolutionProperties) = preSolution
		HideSolutionNode = FALSE
	EndGlobalSection
	GlobalSection(ExtensibilityGlobals) = postSolution
		SolutionGuid = {BEA2083F-FF00-4757-BA77-9A7E13F5437C}
	EndGlobalSection
EndGlobal
